# THIS IS AN AUTOGENERATED FILE. DO NOT EDIT THIS FILE DIRECTLY.
# yarn lockfile v1


async@~0.2.9:
  version "0.2.10"
  resolved "https://registry.yarnpkg.com/async/-/async-0.2.10.tgz#b6bbe0b0674b9d719708ca38de8c237cb526c3d1"
  integrity sha512-eAkdoKxU6/LkKDBzLpT+t6Ff5EtfSF4wx1WfJiPEEV7WNLnDaRXk0oVysiEPm262roaachGexwUv94WhSgN5TQ==

commander@~2.1.0:
  version "2.1.0"
  resolved "https://registry.yarnpkg.com/commander/-/commander-2.1.0.tgz#d121bbae860d9992a3d517ba96f56588e47c6781"
  integrity sha512-J2wnb6TKniXNOtoHS8TSrG9IOQluPrsmyAJ8oCUJOBmv+uLBCyPYAZkD2jFvw2DCzIXNnISIM01NIvr35TkBMQ==

foundry@^0.1.0:
  version "0.1.2"
  resolved "https://registry.yarnpkg.com/foundry/-/foundry-0.1.2.tgz#395b3e5c556dbf3c78a141e0365fee6f1b8f659f"
  integrity sha512-nRkpRs2bk9DxsJdiEmvKcLjit2KM33ohmwwtAkPTD+ES7FG+fv9o+OpauF5L6nQo0UDd+TYGiA1FfCG/gLE2YA==
  dependencies:
    async "~0.2.9"
    commander "~2.1.0"
    shelljs "~0.2.6"

shelljs@~0.2.6:
  version "0.2.6"
  resolved "https://registry.yarnpkg.com/shelljs/-/shelljs-0.2.6.tgz#90492d72ffcc8159976baba62fb0f6884f0c3378"
  integrity sha512-LQiM15qPbSyzHDFfI4v7EVhjBXG5PUAKWVBnVMBXwdlQSHZtzKYeKGzDHBIqpenPrCsPWqBSOF5o7oSvSfX+CA==
